# This file is @generated by PDM.
# It is not intended for manual editing.

[[package]]
name = "attrs"
version = "22.2.0"
requires_python = ">=3.6"
summary = "Classes Without Boilerplate"

[[package]]
name = "black"
version = "23.1.0"
requires_python = ">=3.7"
summary = "The uncompromising code formatter."
dependencies = [
    "click>=8.0.0",
    "mypy-extensions>=0.4.3",
    "packaging>=22.0",
    "pathspec>=0.9.0",
    "platformdirs>=2",
    "tomli>=1.1.0; python_version < \"3.11\"",
    "typing-extensions>=3.10.0.0; python_version < \"3.10\"",
]

[[package]]
name = "certifi"
version = "2022.12.7"
requires_python = ">=3.6"
summary = "Python package for providing Mozilla's CA Bundle."

[[package]]
name = "click"
version = "8.1.3"
requires_python = ">=3.7"
summary = "Composable command line interface toolkit"
dependencies = [
    "colorama; platform_system == \"Windows\"",
]

[[package]]
name = "colorama"
version = "0.4.6"
requires_python = "!=3.0.*,!=3.1.*,!=3.2.*,!=3.3.*,!=3.4.*,!=3.5.*,!=3.6.*,>=2.7"
summary = "Cross-platform colored terminal text."

[[package]]
name = "exceptiongroup"
version = "1.1.1"
requires_python = ">=3.7"
summary = "Backport of PEP 654 (exception groups)"

[[package]]
name = "flake8"
version = "6.0.0"
requires_python = ">=3.8.1"
summary = "the modular source code checker: pep8 pyflakes and co"
dependencies = [
    "mccabe<0.8.0,>=0.7.0",
    "pycodestyle<2.11.0,>=2.10.0",
    "pyflakes<3.1.0,>=3.0.0",
]

[[package]]
name = "flake8-annotations-complexity"
version = "0.0.7"
requires_python = ">=3.7"
summary = "A flake8 extension that checks for type annotations complexity"
dependencies = [
    "flake8",
]

[[package]]
name = "flake8-class-attributes-order"
version = "0.1.3"
requires_python = ">=3.7"
summary = "A flake8 extension that checks classes attributes order"
dependencies = [
    "flake8",
    "typing-extensions",
]

[[package]]
name = "flake8-newspaper-style"
version = "0.4.3"
summary = "Check code for newspaper style"
dependencies = [
    "flake8>3.0.0",
]

[[package]]
name = "flake8-useless-assert"
version = "0.4.4"
requires_python = ">=3.7,<4.0"
summary = "flake8 plugin to catch useless `assert` statements"
dependencies = [
    "flake8>=3.9",
]

[[package]]
name = "iniconfig"
version = "2.0.0"
requires_python = ">=3.7"
summary = "brain-dead simple config-ini parsing"

[[package]]
name = "markdown-it-py"
version = "2.2.0"
requires_python = ">=3.7"
summary = "Python port of markdown-it. Markdown parsing, done right!"
dependencies = [
    "mdurl~=0.1",
]

[[package]]
name = "mccabe"
version = "0.7.0"
requires_python = ">=3.6"
summary = "McCabe checker, plugin for flake8"

[[package]]
name = "mdurl"
version = "0.1.2"
requires_python = ">=3.7"
summary = "Markdown URL utilities"

[[package]]
name = "mypy-extensions"
version = "1.0.0"
requires_python = ">=3.5"
summary = "Type system extensions for programs checked with the mypy type checker."

[[package]]
name = "nodeenv"
version = "1.7.0"
requires_python = ">=2.7,!=3.0.*,!=3.1.*,!=3.2.*,!=3.3.*,!=3.4.*,!=3.5.*,!=3.6.*"
summary = "Node.js virtual environment builder"
dependencies = [
    "setuptools",
]

[[package]]
name = "packaging"
version = "23.0"
requires_python = ">=3.7"
summary = "Core utilities for Python packages"

[[package]]
name = "pathspec"
version = "0.11.1"
requires_python = ">=3.7"
summary = "Utility library for gitignore style pattern matching of file paths."

[[package]]
name = "platformdirs"
version = "3.2.0"
requires_python = ">=3.7"
summary = "A small Python package for determining appropriate platform-specific dirs, e.g. a \"user data dir\"."

[[package]]
name = "pluggy"
version = "1.0.0"
requires_python = ">=3.6"
summary = "plugin and hook calling mechanisms for python"

[[package]]
name = "pprintpp"
version = "0.4.0"
summary = "A drop-in replacement for pprint that's actually pretty"

[[package]]
name = "pycodestyle"
version = "2.10.0"
requires_python = ">=3.6"
summary = "Python style guide checker"

[[package]]
name = "pyflakes"
version = "3.0.1"
requires_python = ">=3.6"
summary = "passive checker of Python programs"

[[package]]
name = "pygments"
version = "2.14.0"
requires_python = ">=3.6"
summary = "Pygments is a syntax highlighting package written in Python."

[[package]]
name = "pyright"
version = "1.1.300"
requires_python = ">=3.7"
summary = "Command line wrapper for pyright"
dependencies = [
    "nodeenv>=1.6.0",
]

[[package]]
name = "pytest"
version = "7.2.2"
requires_python = ">=3.7"
summary = "pytest: simple powerful testing with Python"
dependencies = [
    "attrs>=19.2.0",
    "colorama; sys_platform == \"win32\"",
    "exceptiongroup>=1.0.0rc8; python_version < \"3.11\"",
    "iniconfig",
    "packaging",
    "pluggy<2.0,>=0.12",
    "tomli>=1.0.0; python_version < \"3.11\"",
]

[[package]]
name = "pytest-clarity"
version = "1.0.1"
requires_python = ">=2.7, !=3.0.*, !=3.1.*, !=3.2.*, !=3.3.*"
summary = "A plugin providing an alternative, colourful diff output for failing assertions."
dependencies = [
    "pprintpp>=0.4.0",
    "pytest>=3.5.0",
    "rich>=8.0.0",
]

[[package]]
name = "pytest-flake8"
version = "1.1.1"
summary = "pytest plugin to check FLAKE8 requirements"
dependencies = [
    "flake8>=4.0",
    "pytest>=7.0",
]

[[package]]
name = "pytest-sugar"
version = "0.9.6"
summary = "pytest-sugar is a plugin for pytest that changes the default look and feel of pytest (e.g. progressbar, show tests that fail instantly)."
dependencies = [
    "packaging>=14.1",
    "pytest>=2.9",
    "termcolor>=1.1.0",
]

[[package]]
name = "rich"
version = "13.3.2"
requires_python = ">=3.7.0"
summary = "Render rich text, tables, progress bars, syntax highlighting, markdown and more to the terminal"
dependencies = [
    "markdown-it-py<3.0.0,>=2.2.0",
    "pygments<3.0.0,>=2.13.0",
]

[[package]]
name = "sentry-sdk"
version = "1.17.0"
summary = "Python client for Sentry (https://sentry.io)"
dependencies = [
    "certifi",
    "urllib3>=1.26.11; python_version >= \"3.6\"",
]

[[package]]
name = "setuptools"
version = "67.6.0"
requires_python = ">=3.7"
summary = "Easily download, build, install, upgrade, and uninstall Python packages"

[[package]]
name = "termcolor"
version = "2.2.0"
requires_python = ">=3.7"
summary = "ANSI color formatting for output in terminal"

[[package]]
name = "tomli"
version = "2.0.1"
requires_python = ">=3.7"
summary = "A lil' TOML parser"

[[package]]
name = "typing-extensions"
version = "4.5.0"
requires_python = ">=3.7"
summary = "Backported and Experimental Type Hints for Python 3.7+"

[[package]]
name = "urllib3"
version = "1.26.15"
requires_python = ">=2.7, !=3.0.*, !=3.1.*, !=3.2.*, !=3.3.*, !=3.4.*, !=3.5.*"
summary = "HTTP library with thread-safe connection pooling, file post, and more."

[metadata]
lock_version = "4.1"
content_hash = "sha256:28e1a4404db043cf0d71a4a8b2945b3a914dc283b16386e60201122ce2cd9703"

[metadata.files]
"attrs 22.2.0" = [
    {url = "https://files.pythonhosted.org/packages/21/31/3f468da74c7de4fcf9b25591e682856389b3400b4b62f201e65f15ea3e07/attrs-22.2.0.tar.gz", hash = "sha256:c9227bfc2f01993c03f68db37d1d15c9690188323c067c641f1a35ca58185f99"},
    {url = "https://files.pythonhosted.org/packages/fb/6e/6f83bf616d2becdf333a1640f1d463fef3150e2e926b7010cb0f81c95e88/attrs-22.2.0-py3-none-any.whl", hash = "sha256:29e95c7f6778868dbd49170f98f8818f78f3dc5e0e37c0b1f474e3561b240836"},
]
"black 23.1.0" = [
    {url = "https://files.pythonhosted.org/packages/01/8a/065d0a59c1ebe13186b12a2fa3965a41fc1588828709995e2630004d216e/black-23.1.0-cp37-cp37m-manylinux_2_17_x86_64.manylinux2014_x86_64.whl", hash = "sha256:8178318cb74f98bc571eef19068f6ab5613b3e59d4f47771582f04e175570ed8"},
    {url = "https://files.pythonhosted.org/packages/15/11/533355217b1cc4a6df3263048060c1527f733d4720e158de2085293112bb/black-23.1.0.tar.gz", hash = "sha256:b0bd97bea8903f5a2ba7219257a44e3f1f9d00073d6cc1add68f0beec69692ac"},
    {url = "https://files.pythonhosted.org/packages/18/99/bb1be0ff3a7e912679ad234a3c4884fa7689dfcc4eae85bddb6c04feaa62/black-23.1.0-py3-none-any.whl", hash = "sha256:7a0f701d314cfa0896b9001df70a530eb2472babb76086344e688829efd97d32"},
    {url = "https://files.pythonhosted.org/packages/20/de/eff8e3ccc22b5c2be1265a9e61f1006d03e194519a3ca2e83dd8483dbbb5/black-23.1.0-cp38-cp38-macosx_10_16_x86_64.whl", hash = "sha256:49f7b39e30f326a34b5c9a4213213a6b221d7ae9d58ec70df1c4a307cf2a1580"},
    {url = "https://files.pythonhosted.org/packages/2d/9a/a81bf384a08d8a5e13d97223a60a74ac3c16c0aecdbd85edbc662d158bde/black-23.1.0-cp310-cp310-win_amd64.whl", hash = "sha256:9afd3f493666a0cd8f8df9a0200c6359ac53940cbde049dcb1a7eb6ee2dd7074"},
    {url = "https://files.pythonhosted.org/packages/32/a7/1d207427b87780c505a41c9430d26362e729954503b8ffba27c4f53a6810/black-23.1.0-cp311-cp311-manylinux_2_17_x86_64.manylinux2014_x86_64.whl", hash = "sha256:2bf649fda611c8550ca9d7592b69f0637218c2369b7744694c5e4902873b2f3a"},
    {url = "https://files.pythonhosted.org/packages/3d/dc/12dc29bb38b8db68c79b8339de1590fe1ae796858bfa6cf7494eb672be21/black-23.1.0-cp38-cp38-win_amd64.whl", hash = "sha256:8b70eb40a78dfac24842458476135f9b99ab952dd3f2dab738c1881a9b38b753"},
    {url = "https://files.pythonhosted.org/packages/3e/c0/abc7031d670d211e4e2a063910d587dfcb62ce469631e779b23b66653442/black-23.1.0-cp310-cp310-macosx_10_16_universal2.whl", hash = "sha256:57c18c5165c1dbe291d5306e53fb3988122890e57bd9b3dcb75f967f13411a26"},
    {url = "https://files.pythonhosted.org/packages/43/bc/5232fd6b0fd6d6177140cfb7d8f0f0e06638e2a750122767e265beb91161/black-23.1.0-cp39-cp39-macosx_10_16_arm64.whl", hash = "sha256:a29650759a6a0944e7cca036674655c2f0f63806ddecc45ed40b7b8aa314b651"},
    {url = "https://files.pythonhosted.org/packages/6b/d1/4394e4b0a24ad0f556aca3ab11e27f2e199f03b43f147c31a4befbf62b48/black-23.1.0-cp311-cp311-win_amd64.whl", hash = "sha256:121ca7f10b4a01fd99951234abdbd97728e1240be89fde18480ffac16503d481"},
    {url = "https://files.pythonhosted.org/packages/77/11/db2ae5bf93af5185086d9b1baf4ce369ca34c3a01835230873aa9163d52d/black-23.1.0-cp39-cp39-macosx_10_16_universal2.whl", hash = "sha256:bb460c8561c8c1bec7824ecbc3ce085eb50005883a6203dcfb0122e95797ee06"},
    {url = "https://files.pythonhosted.org/packages/7e/fe/6c05c3f9255b7b498cfb88faa85b45329f1b7b0ecb444ebdc6b74ffa1457/black-23.1.0-cp311-cp311-macosx_10_16_universal2.whl", hash = "sha256:c1c476bc7b7d021321e7d93dc2cbd78ce103b84d5a4cf97ed535fbc0d6660648"},
    {url = "https://files.pythonhosted.org/packages/96/af/3361b34907efbfd9d55af453488be2282f831d98b7d201248b38d4c44346/black-23.1.0-cp37-cp37m-macosx_10_16_x86_64.whl", hash = "sha256:a8471939da5e824b891b25751955be52ee7f8a30a916d570a5ba8e0f2eb2ecad"},
    {url = "https://files.pythonhosted.org/packages/9a/ee/549e8be7f635cabcc3c7c3f2c3b27971dc32735155631b9ef2dcb1bd861f/black-23.1.0-cp311-cp311-macosx_10_16_arm64.whl", hash = "sha256:bfffba28dc52a58f04492181392ee380e95262af14ee01d4bc7bb1b1c6ca8d27"},
    {url = "https://files.pythonhosted.org/packages/a4/ec/934e89820289e6952922fa5965aec0e046ed65da168ffb0515af1e3364e1/black-23.1.0-cp38-cp38-macosx_10_16_arm64.whl", hash = "sha256:a59db0a2094d2259c554676403fa2fac3473ccf1354c1c63eccf7ae65aac8ab6"},
    {url = "https://files.pythonhosted.org/packages/ae/93/1e62fe94ab531bdc3f6cbbbd5b518727277bf40f695777b4097db5da2a38/black-23.1.0-cp39-cp39-macosx_10_16_x86_64.whl", hash = "sha256:c91dfc2c2a4e50df0026f88d2215e166616e0c80e86004d0003ece0488db2739"},
    {url = "https://files.pythonhosted.org/packages/b1/7e/c368e9c795387a01bc181d8acbfd178278cc9960c5e7ef1059222a4419f9/black-23.1.0-cp37-cp37m-win_amd64.whl", hash = "sha256:a436e7881d33acaf2536c46a454bb964a50eff59b21b51c6ccf5a40601fbef24"},
    {url = "https://files.pythonhosted.org/packages/b7/33/8e074fd8b86a1c8668f5493ed28929d87bdccb6aa68c2975b47a02f92287/black-23.1.0-cp39-cp39-manylinux_2_17_x86_64.manylinux2014_x86_64.whl", hash = "sha256:2a951cc83ab535d248c89f300eccbd625e80ab880fbcfb5ac8afb5f01a258ac9"},
    {url = "https://files.pythonhosted.org/packages/be/f9/11e401323cd5b4e53d138fc880564765466a86acd2d4b50d7c8cdd048c18/black-23.1.0-cp310-cp310-manylinux_2_17_x86_64.manylinux2014_x86_64.whl", hash = "sha256:e6663f91b6feca5d06f2ccd49a10f254f9298cc1f7f49c46e498a0771b507104"},
    {url = "https://files.pythonhosted.org/packages/c0/1d/8dac412cf5cc4120a438969a4fafefdc3de8fa13d411f317a9f9f1e268a4/black-23.1.0-cp39-cp39-win_amd64.whl", hash = "sha256:0680d4380db3719ebcfb2613f34e86c8e6d15ffeabcf8ec59355c5e7b85bb555"},
    {url = "https://files.pythonhosted.org/packages/cf/fe/dda4b7eedb9d4dc46e306b814f7838cd9026907fdc889f75eb9f6d47d414/black-23.1.0-cp310-cp310-macosx_10_16_x86_64.whl", hash = "sha256:9880d7d419bb7e709b37e28deb5e68a49227713b623c72b2b931028ea65f619b"},
    {url = "https://files.pythonhosted.org/packages/d0/cb/0a38ffdafbb4b3f337adaf1b79aeaf4b8a21ed18835acad6349e46c78c80/black-23.1.0-cp310-cp310-macosx_10_16_arm64.whl", hash = "sha256:b6a92a41ee34b883b359998f0c8e6eb8e99803aa8bf3123bf2b2e6fec505a221"},
    {url = "https://files.pythonhosted.org/packages/dd/19/875b5006e40ea69a4120671f50317100b24732f2b877203722c91bc4eef3/black-23.1.0-cp38-cp38-manylinux_2_17_x86_64.manylinux2014_x86_64.whl", hash = "sha256:162e37d49e93bd6eb6f1afc3e17a3d23a823042530c37c3c42eeeaf026f38468"},
    {url = "https://files.pythonhosted.org/packages/e6/0a/9a5fca4a2ca07d4dbc3b00445c9353f05ea182b000f68c9ad6ba1da87a47/black-23.1.0-cp38-cp38-macosx_10_16_universal2.whl", hash = "sha256:0052dba51dec07ed029ed61b18183942043e00008ec65d5028814afaab9a22fd"},
    {url = "https://files.pythonhosted.org/packages/f1/89/ccc28cb74a66c094b609295b009b5e0350c10b75661d2450eeed2f60ce37/black-23.1.0-cp311-cp311-macosx_10_16_x86_64.whl", hash = "sha256:382998821f58e5c8238d3166c492139573325287820963d2f7de4d518bd76958"},
]
"certifi 2022.12.7" = [
    {url = "https://files.pythonhosted.org/packages/37/f7/2b1b0ec44fdc30a3d31dfebe52226be9ddc40cd6c0f34ffc8923ba423b69/certifi-2022.12.7.tar.gz", hash = "sha256:35824b4c3a97115964b408844d64aa14db1cc518f6562e8d7261699d1350a9e3"},
    {url = "https://files.pythonhosted.org/packages/71/4c/3db2b8021bd6f2f0ceb0e088d6b2d49147671f25832fb17970e9b583d742/certifi-2022.12.7-py3-none-any.whl", hash = "sha256:4ad3232f5e926d6718ec31cfc1fcadfde020920e278684144551c91769c7bc18"},
]
"click 8.1.3" = [
    {url = "https://files.pythonhosted.org/packages/59/87/84326af34517fca8c58418d148f2403df25303e02736832403587318e9e8/click-8.1.3.tar.gz", hash = "sha256:7682dc8afb30297001674575ea00d1814d808d6a36af415a82bd481d37ba7b8e"},
    {url = "https://files.pythonhosted.org/packages/c2/f1/df59e28c642d583f7dacffb1e0965d0e00b218e0186d7858ac5233dce840/click-8.1.3-py3-none-any.whl", hash = "sha256:bb4d8133cb15a609f44e8213d9b391b0809795062913b383c62be0ee95b1db48"},
]
"colorama 0.4.6" = [
    {url = "https://files.pythonhosted.org/packages/d1/d6/3965ed04c63042e047cb6a3e6ed1a63a35087b6a609aa3a15ed8ac56c221/colorama-0.4.6-py2.py3-none-any.whl", hash = "sha256:4f1d9991f5acc0ca119f9d443620b77f9d6b33703e51011c16baf57afb285fc6"},
    {url = "https://files.pythonhosted.org/packages/d8/53/6f443c9a4a8358a93a6792e2acffb9d9d5cb0a5cfd8802644b7b1c9a02e4/colorama-0.4.6.tar.gz", hash = "sha256:08695f5cb7ed6e0531a20572697297273c47b8cae5a63ffc6d6ed5c201be6e44"},
]
"exceptiongroup 1.1.1" = [
    {url = "https://files.pythonhosted.org/packages/61/97/17ed81b7a8d24d8f69b62c0db37abbd8c0042d4b3fc429c73dab986e7483/exceptiongroup-1.1.1-py3-none-any.whl", hash = "sha256:232c37c63e4f682982c8b6459f33a8981039e5fb8756b2074364e5055c498c9e"},
    {url = "https://files.pythonhosted.org/packages/cc/38/57f14ddc8e8baeddd8993a36fe57ce7b4ba174c35048b9a6d270bb01e833/exceptiongroup-1.1.1.tar.gz", hash = "sha256:d484c3090ba2889ae2928419117447a14daf3c1231d5e30d0aae34f354f01785"},
]
"flake8 6.0.0" = [
    {url = "https://files.pythonhosted.org/packages/66/53/3ad4a3b74d609b3b9008a10075c40e7c8909eae60af53623c3888f7a529a/flake8-6.0.0.tar.gz", hash = "sha256:c61007e76655af75e6785a931f452915b371dc48f56efd765247c8fe68f2b181"},
    {url = "https://files.pythonhosted.org/packages/d9/6a/bb0122ebe280476c924470779d2595f1403878cafe3c8a343ac56a5a9c0e/flake8-6.0.0-py2.py3-none-any.whl", hash = "sha256:3833794e27ff64ea4e9cf5d410082a8b97ff1a06c16aa3d2027339cd0f1195c7"},
]
"flake8-annotations-complexity 0.0.7" = [
    {url = "https://files.pythonhosted.org/packages/44/a9/a45f07e1090976bf8c5c2966df63050ba51e87a16d3e43969fc1b8ae22db/flake8_annotations_complexity-0.0.7.tar.gz", hash = "sha256:2ecd93375e3dee0d4e11e476087a52fa985c47bc049015ff04a9de38fc0c4dfd"},
    {url = "https://files.pythonhosted.org/packages/a1/ac/23b29af31a7a930b0ed40390ce645187cf8207e189252b8182725a1bfa45/flake8_annotations_complexity-0.0.7-py3-none-any.whl", hash = "sha256:a1410f5b964927032471ce99932d1670d28ea323b50400b45cc14575be070508"},
]
"flake8-class-attributes-order 0.1.3" = [
    {url = "https://files.pythonhosted.org/packages/0e/05/7cecfad1708692d618eea8570804b86ec89a9e8570898b5a2637851bdf02/flake8_class_attributes_order-0.1.3-py3-none-any.whl", hash = "sha256:6398368da4511cdda1a7c0e25934bcaac49d9df89aa2842729353b4a20f7ed13"},
    {url = "https://files.pythonhosted.org/packages/48/86/4d6eb75d7108ea84a72d5100da5bdb23165938cc0daae83e291f5fc51dd3/flake8_class_attributes_order-0.1.3.tar.gz", hash = "sha256:9dde5581832d278ce247d4c47777f980cd86df2232bc0c50275144857d56e91d"},
]
"flake8-newspaper-style 0.4.3" = [
    {url = "https://files.pythonhosted.org/packages/2b/3f/c43be62fb54b5b1d22954aceeefe9bf1a7238d9b6f36d811ed6f363067af/flake8-newspaper-style-0.4.3.tar.gz", hash = "sha256:d05924256cb9992eb61d3718c7301bc8f3b2a847f159b5f9e25a508261359974"},
]
"flake8-useless-assert 0.4.4" = [
    {url = "https://files.pythonhosted.org/packages/1c/49/e339616bb19e784dabeacb9f009146daeb07713c58576f92ffb5dd91bc08/flake8-useless-assert-0.4.4.tar.gz", hash = "sha256:336bcc5e558fee11593b4294ccda46777eb873cb4445e51a0edeecf9d8517b42"},
    {url = "https://files.pythonhosted.org/packages/39/a4/005ea50e98f2a63d0e568fc0fefab0aa408781d5a0d3b8571f36c80b9401/flake8_useless_assert-0.4.4-py3-none-any.whl", hash = "sha256:3f1c0c579eaaf008721bc0d0db2e3391355a8dacd06b5ac63c1bab0c9e29e51f"},
]
"iniconfig 2.0.0" = [
    {url = "https://files.pythonhosted.org/packages/d7/4b/cbd8e699e64a6f16ca3a8220661b5f83792b3017d0f79807cb8708d33913/iniconfig-2.0.0.tar.gz", hash = "sha256:2d91e135bf72d31a410b17c16da610a82cb55f6b0477d1a902134b24a455b8b3"},
    {url = "https://files.pythonhosted.org/packages/ef/a6/62565a6e1cf69e10f5727360368e451d4b7f58beeac6173dc9db836a5b46/iniconfig-2.0.0-py3-none-any.whl", hash = "sha256:b6a85871a79d2e3b22d2d1b94ac2824226a63c6b741c88f7ae975f18b6778374"},
]
"markdown-it-py 2.2.0" = [
    {url = "https://files.pythonhosted.org/packages/bf/25/2d88e8feee8e055d015343f9b86e370a1ccbec546f2865c98397aaef24af/markdown_it_py-2.2.0-py3-none-any.whl", hash = "sha256:5a35f8d1870171d9acc47b99612dc146129b631baf04970128b568f190d0cc30"},
    {url = "https://files.pythonhosted.org/packages/e4/c0/59bd6d0571986f72899288a95d9d6178d0eebd70b6650f1bb3f0da90f8f7/markdown-it-py-2.2.0.tar.gz", hash = "sha256:7c9a5e412688bc771c67432cbfebcdd686c93ce6484913dccf06cb5a0bea35a1"},
]
"mccabe 0.7.0" = [
    {url = "https://files.pythonhosted.org/packages/27/1a/1f68f9ba0c207934b35b86a8ca3aad8395a3d6dd7921c0686e23853ff5a9/mccabe-0.7.0-py2.py3-none-any.whl", hash = "sha256:6c2d30ab6be0e4a46919781807b4f0d834ebdd6c6e3dca0bda5a15f863427b6e"},
    {url = "https://files.pythonhosted.org/packages/e7/ff/0ffefdcac38932a54d2b5eed4e0ba8a408f215002cd178ad1df0f2806ff8/mccabe-0.7.0.tar.gz", hash = "sha256:348e0240c33b60bbdf4e523192ef919f28cb2c3d7d5c7794f74009290f236325"},
]
"mdurl 0.1.2" = [
    {url = "https://files.pythonhosted.org/packages/b3/38/89ba8ad64ae25be8de66a6d463314cf1eb366222074cfda9ee839c56a4b4/mdurl-0.1.2-py3-none-any.whl", hash = "sha256:84008a41e51615a49fc9966191ff91509e3c40b939176e643fd50a5c2196b8f8"},
    {url = "https://files.pythonhosted.org/packages/d6/54/cfe61301667036ec958cb99bd3efefba235e65cdeb9c84d24a8293ba1d90/mdurl-0.1.2.tar.gz", hash = "sha256:bb413d29f5eea38f31dd4754dd7377d4465116fb207585f97bf925588687c1ba"},
]
"mypy-extensions 1.0.0" = [
    {url = "https://files.pythonhosted.org/packages/2a/e2/5d3f6ada4297caebe1a2add3b126fe800c96f56dbe5d1988a2cbe0b267aa/mypy_extensions-1.0.0-py3-none-any.whl", hash = "sha256:4392f6c0eb8a5668a69e23d168ffa70f0be9ccfd32b5cc2d26a34ae5b844552d"},
    {url = "https://files.pythonhosted.org/packages/98/a4/1ab47638b92648243faf97a5aeb6ea83059cc3624972ab6b8d2316078d3f/mypy_extensions-1.0.0.tar.gz", hash = "sha256:75dbf8955dc00442a438fc4d0666508a9a97b6bd41aa2f0ffe9d2f2725af0782"},
]
"nodeenv 1.7.0" = [
    {url = "https://files.pythonhosted.org/packages/96/a8/d3b5baead78adadacb99e7281b3e842126da825cf53df61688cfc8b8ff91/nodeenv-1.7.0-py2.py3-none-any.whl", hash = "sha256:27083a7b96a25f2f5e1d8cb4b6317ee8aeda3bdd121394e5ac54e498028a042e"},
    {url = "https://files.pythonhosted.org/packages/f3/9d/a28ecbd1721cd6c0ea65da6bfb2771d31c5d7e32d916a8f643b062530af3/nodeenv-1.7.0.tar.gz", hash = "sha256:e0e7f7dfb85fc5394c6fe1e8fa98131a2473e04311a45afb6508f7cf1836fa2b"},
]
"packaging 23.0" = [
    {url = "https://files.pythonhosted.org/packages/47/d5/aca8ff6f49aa5565df1c826e7bf5e85a6df852ee063600c1efa5b932968c/packaging-23.0.tar.gz", hash = "sha256:b6ad297f8907de0fa2fe1ccbd26fdaf387f5f47c7275fedf8cce89f99446cf97"},
    {url = "https://files.pythonhosted.org/packages/ed/35/a31aed2993e398f6b09a790a181a7927eb14610ee8bbf02dc14d31677f1c/packaging-23.0-py3-none-any.whl", hash = "sha256:714ac14496c3e68c99c29b00845f7a2b85f3bb6f1078fd9f72fd20f0570002b2"},
]
"pathspec 0.11.1" = [
    {url = "https://files.pythonhosted.org/packages/95/60/d93628975242cc515ab2b8f5b2fc831d8be2eff32f5a1be4776d49305d13/pathspec-0.11.1.tar.gz", hash = "sha256:2798de800fa92780e33acca925945e9a19a133b715067cf165b8866c15a31687"},
    {url = "https://files.pythonhosted.org/packages/be/c8/551a803a6ebb174ec1c124e68b449b98a0961f0b737def601e3c1fbb4cfd/pathspec-0.11.1-py3-none-any.whl", hash = "sha256:d8af70af76652554bd134c22b3e8a1cc46ed7d91edcdd721ef1a0c51a84a5293"},
]
"platformdirs 3.2.0" = [
    {url = "https://files.pythonhosted.org/packages/15/04/3f882b46b454ab374ea75425c6f931e499150ec1385a73e55b3f45af615a/platformdirs-3.2.0.tar.gz", hash = "sha256:d5b638ca397f25f979350ff789db335903d7ea010ab28903f57b27e1b16c2b08"},
    {url = "https://files.pythonhosted.org/packages/b2/f3/4fb5fae710fc9f22a42cd90dc0547da18ec83e2e139294ab94f04c449cf5/platformdirs-3.2.0-py3-none-any.whl", hash = "sha256:ebe11c0d7a805086e99506aa331612429a72ca7cd52a1f0d277dc4adc20cb10e"},
]
"pluggy 1.0.0" = [
    {url = "https://files.pythonhosted.org/packages/9e/01/f38e2ff29715251cf25532b9082a1589ab7e4f571ced434f98d0139336dc/pluggy-1.0.0-py2.py3-none-any.whl", hash = "sha256:74134bbf457f031a36d68416e1509f34bd5ccc019f0bcc952c7b909d06b37bd3"},
    {url = "https://files.pythonhosted.org/packages/a1/16/db2d7de3474b6e37cbb9c008965ee63835bba517e22cdb8c35b5116b5ce1/pluggy-1.0.0.tar.gz", hash = "sha256:4224373bacce55f955a878bf9cfa763c1e360858e330072059e10bad68531159"},
]
"pprintpp 0.4.0" = [
    {url = "https://files.pythonhosted.org/packages/06/1a/7737e7a0774da3c3824d654993cf57adc915cb04660212f03406334d8c0b/pprintpp-0.4.0.tar.gz", hash = "sha256:ea826108e2c7f49dc6d66c752973c3fc9749142a798d6b254e1e301cfdbc6403"},
    {url = "https://files.pythonhosted.org/packages/4e/d1/e4ed95fdd3ef13b78630280d9e9e240aeb65cc7c544ec57106149c3942fb/pprintpp-0.4.0-py2.py3-none-any.whl", hash = "sha256:b6b4dcdd0c0c0d75e4d7b2f21a9e933e5b2ce62b26e1a54537f9651ae5a5c01d"},
]
"pycodestyle 2.10.0" = [
    {url = "https://files.pythonhosted.org/packages/06/6b/5ca0d12ef7dcf7d20dfa35287d02297f3e0f9e515da5183654c03a9636ce/pycodestyle-2.10.0.tar.gz", hash = "sha256:347187bdb476329d98f695c213d7295a846d1152ff4fe9bacb8a9590b8ee7053"},
    {url = "https://files.pythonhosted.org/packages/a2/54/001fdc0d69e8d0bb86c3423a6fa6dfada8cc26317c2635ab543e9ac411bd/pycodestyle-2.10.0-py2.py3-none-any.whl", hash = "sha256:8a4eaf0d0495c7395bdab3589ac2db602797d76207242c17d470186815706610"},
]
"pyflakes 3.0.1" = [
    {url = "https://files.pythonhosted.org/packages/af/4c/b1c7008aa7788b3e26c06c60aa18da7d3aa1f00e344aa3f18ac92768854b/pyflakes-3.0.1-py2.py3-none-any.whl", hash = "sha256:ec55bf7fe21fff7f1ad2f7da62363d749e2a470500eab1b555334b67aa1ef8cf"},
    {url = "https://files.pythonhosted.org/packages/f2/51/506ddcfab10d708e8460554cc1cf37c727a6a2cccbad8dfe57766cfce33c/pyflakes-3.0.1.tar.gz", hash = "sha256:ec8b276a6b60bd80defed25add7e439881c19e64850afd9b346283d4165fd0fd"},
]
"pygments 2.14.0" = [
    {url = "https://files.pythonhosted.org/packages/0b/42/d9d95cc461f098f204cd20c85642ae40fbff81f74c300341b8d0e0df14e0/Pygments-2.14.0-py3-none-any.whl", hash = "sha256:fa7bd7bd2771287c0de303af8bfdfc731f51bd2c6a47ab69d117138893b82717"},
    {url = "https://files.pythonhosted.org/packages/da/6a/c427c06913204e24de28de5300d3f0e809933f376e0b7df95194b2bb3f71/Pygments-2.14.0.tar.gz", hash = "sha256:b3ed06a9e8ac9a9aae5a6f5dbe78a8a58655d17b43b93c078f094ddc476ae297"},
]
"pyright 1.1.300" = [
    {url = "https://files.pythonhosted.org/packages/23/62/61efd3fe8f862ef21ca1c026b7f6a77879ff9ae7baa2e5ff787dabeb069d/pyright-1.1.300-py3-none-any.whl", hash = "sha256:2ff0a21337d1d369e930143f1eed61ba4f225f59ae949631f512722bc9e61e4e"},
    {url = "https://files.pythonhosted.org/packages/d1/de/2b10ce4cfcd595021d467e1c023e7d69bbb71c02c0350211e3b519fcfac9/pyright-1.1.300.tar.gz", hash = "sha256:1874009c372bb2338e0696d99d915a152977e4ecbef02d3e4a3fd700da699993"},
]
"pytest 7.2.2" = [
    {url = "https://files.pythonhosted.org/packages/b2/68/5321b5793bd506961bd40bdbdd0674e7de4fb873ee7cab33dd27283ad513/pytest-7.2.2-py3-none-any.whl", hash = "sha256:130328f552dcfac0b1cec75c12e3f005619dc5f874f0a06e8ff7263f0ee6225e"},
    {url = "https://files.pythonhosted.org/packages/b9/29/311895d9cd3f003dd58e8fdea36dd895ba2da5c0c90601836f7de79f76fe/pytest-7.2.2.tar.gz", hash = "sha256:c99ab0c73aceb050f68929bc93af19ab6db0558791c6a0715723abe9d0ade9d4"},
]
"pytest-clarity 1.0.1" = [
    {url = "https://files.pythonhosted.org/packages/52/5c/cafa97944de55738a6a2c5a7cee00d073cb80495032d2b112c4546525eca/pytest-clarity-1.0.1.tar.gz", hash = "sha256:505fe345fad4fe11c6a4187fe683f2c7c52c077caa1e135f3e483fe112db7772"},
]
"pytest-flake8 1.1.1" = [
    {url = "https://files.pythonhosted.org/packages/42/22/b9580f30c864699a90a0d699acc6e739087e298c45caa4f1bf740030a938/pytest_flake8-1.1.1-py2.py3-none-any.whl", hash = "sha256:e0661a786f8cbf976c185f706fdaf5d6df0b1667c3bcff8e823ba263618627e7"},
    {url = "https://files.pythonhosted.org/packages/e0/5f/73ea3b05a5abae642442b1e2c70203a7f3afbb7f5749e90956b36958c078/pytest-flake8-1.1.1.tar.gz", hash = "sha256:ba4f243de3cb4c2486ed9e70752c80dd4b636f7ccb27d4eba763c35ed0cd316e"},
]
"pytest-sugar 0.9.6" = [
    {url = "https://files.pythonhosted.org/packages/11/71/2bddd9f3f7fb267b31d7c6236dfb021d28b843f810b3fff57cf9194ef34b/pytest-sugar-0.9.6.tar.gz", hash = "sha256:c4793495f3c32e114f0f5416290946c316eb96ad5a3684dcdadda9267e59b2b8"},
    {url = "https://files.pythonhosted.org/packages/3e/05/4375ccf896e5dccce262a37a432ae0eea0fdaa8d6812020271ce9087263b/pytest_sugar-0.9.6-py2.py3-none-any.whl", hash = "sha256:30e5225ed2b3cc988a8a672f8bda0fc37bcd92d62e9273937f061112b3f2186d"},
]
"rich 13.3.2" = [
    {url = "https://files.pythonhosted.org/packages/5e/0e/ef0a49be56dbc4052a086888cd2490e15fcc95b0eda79e9d0e737b1ab93d/rich-13.3.2.tar.gz", hash = "sha256:91954fe80cfb7985727a467ca98a7618e5dd15178cc2da10f553b36a93859001"},
    {url = "https://files.pythonhosted.org/packages/6b/f0/79df8eaa345ece1d33d8dfeec46ea166028da37b314dc44ead18c058a126/rich-13.3.2-py3-none-any.whl", hash = "sha256:a104f37270bf677148d8acb07d33be1569eeee87e2d1beb286a4e9113caf6f2f"},
]
"sentry-sdk 1.17.0" = [
    {url = "https://files.pythonhosted.org/packages/3e/f1/4bfd190f07f49f823eb9fe55b23c8be8a21aa9b9190df6d27721052fd046/sentry-sdk-1.17.0.tar.gz", hash = "sha256:ad40860325c94d1a656da70fba5a7c4dbb2f6809d3cc2d00f74ca0b608330f14"},
    {url = "https://files.pythonhosted.org/packages/e5/c5/669e528a5ccb16c22ef239a8dc9e51c855a2bcea548e8d71808ce1438045/sentry_sdk-1.17.0-py2.py3-none-any.whl", hash = "sha256:3c4e898f7a3edf5a2042cd0dcab6ee124e2112189228c272c08ad15d3850c201"},
]
"setuptools 67.6.0" = [
    {url = "https://files.pythonhosted.org/packages/25/f3/d68c20919bc774c6cb127f1762f2f2f999d700a58198556e883dd3700e58/setuptools-67.6.0.tar.gz", hash = "sha256:2ee892cd5f29f3373097f5a814697e397cf3ce313616df0af11231e2ad118077"},
    {url = "https://files.pythonhosted.org/packages/c3/9e/8a7ba2c9984a060daa6c6f9fff4d576b7ace3936239d6b771541eab972ed/setuptools-67.6.0-py3-none-any.whl", hash = "sha256:b78aaa36f6b90a074c1fa651168723acbf45d14cb1196b6f02c0fd07f17623b2"},
]
"termcolor 2.2.0" = [
    {url = "https://files.pythonhosted.org/packages/aa/f4/8ddd8a684b4c005345f45740a449d93d0af7ccecd91319d0f4426cf08b36/termcolor-2.2.0-py3-none-any.whl", hash = "sha256:91ddd848e7251200eac969846cbae2dacd7d71c2871e92733289e7e3666f48e7"},
    {url = "https://files.pythonhosted.org/packages/e5/4e/b2a54a21092ad2d5d70b0140e4080811bee06a39cc8481651579fe865c89/termcolor-2.2.0.tar.gz", hash = "sha256:dfc8ac3f350788f23b2947b3e6cfa5a53b630b612e6cd8965a015a776020b99a"},
]
"tomli 2.0.1" = [
    {url = "https://files.pythonhosted.org/packages/97/75/10a9ebee3fd790d20926a90a2547f0bf78f371b2f13aa822c759680ca7b9/tomli-2.0.1-py3-none-any.whl", hash = "sha256:939de3e7a6161af0c887ef91b7d41a53e7c5a1ca976325f429cb46ea9bc30ecc"},
    {url = "https://files.pythonhosted.org/packages/c0/3f/d7af728f075fb08564c5949a9c95e44352e23dee646869fa104a3b2060a3/tomli-2.0.1.tar.gz", hash = "sha256:de526c12914f0c550d15924c62d72abc48d6fe7364aa87328337a31007fe8a4f"},
]
"typing-extensions 4.5.0" = [
    {url = "https://files.pythonhosted.org/packages/31/25/5abcd82372d3d4a3932e1fa8c3dbf9efac10cc7c0d16e78467460571b404/typing_extensions-4.5.0-py3-none-any.whl", hash = "sha256:fb33085c39dd998ac16d1431ebc293a8b3eedd00fd4a32de0ff79002c19511b4"},
    {url = "https://files.pythonhosted.org/packages/d3/20/06270dac7316220643c32ae61694e451c98f8caf4c8eab3aa80a2bedf0df/typing_extensions-4.5.0.tar.gz", hash = "sha256:5cb5f4a79139d699607b3ef622a1dedafa84e115ab0024e0d9c044a9479ca7cb"},
]
"urllib3 1.26.15" = [
    {url = "https://files.pythonhosted.org/packages/21/79/6372d8c0d0641b4072889f3ff84f279b738cd8595b64c8e0496d4e848122/urllib3-1.26.15.tar.gz", hash = "sha256:8a388717b9476f934a21484e8c8e61875ab60644d29b9b39e11e4b9dc1c6b305"},
    {url = "https://files.pythonhosted.org/packages/7b/f5/890a0baca17a61c1f92f72b81d3c31523c99bec609e60c292ea55b387ae8/urllib3-1.26.15-py2.py3-none-any.whl", hash = "sha256:aa751d169e23c7479ce47a0cb0da579e3ede798f994f5816a74e4f4500dcea42"},
]
